schema: '2.0'
stages:
  preprocess:
    cmd: python ml_part/data_preprocessing.py
    deps:
    - path: ml_part/config.py
      hash: md5
      md5: ee382d7b92f6916cd080cb009afad309
      size: 534
    - path: ml_part/data_preprocessing.py
      hash: md5
      md5: 62f64f4431169c1fc8fcb5ddff4c4dc3
      size: 6941
    outs:
    - path: ml_part/data
      hash: md5
      md5: a786fe9cad78d551144970e24fc7ae2d.dir
      size: 1715082130
      nfiles: 50002
  train:
    cmd: python ml_part/model.py
    deps:
    - path: ml_part/config.py
      hash: md5
      md5: ee382d7b92f6916cd080cb009afad309
      size: 534
    - path: ml_part/data
      hash: md5
      md5: a786fe9cad78d551144970e24fc7ae2d.dir
      size: 1715082130
      nfiles: 50002
    - path: ml_part/model.py
      hash: md5
      md5: c6c84889a4136f3541c0a740cf70fbdd
      size: 8975
    outs:
    - path: ml_part/checkpoints
      hash: md5
      md5: 597d2e8263467c598675163da8167a6a.dir
      size: 228458687
      nfiles: 3
    - path: ml_part/metrics.json
      hash: md5
      md5: d6ef7587558baa53440652d86923a0e5
      size: 520
    - path: ml_part/plots
      hash: md5
      md5: c155f7d85a46b7328b368440c390fb53.dir
      size: 67957
      nfiles: 3
  push:
    cmd: dvc push
    deps:
    - path: ml_part/checkpoints
      hash: md5
      md5: 0e069d1a105e1c446c9218b6e95c04c2.dir
      size: 228458687
      nfiles: 3
    - path: ml_part/data
      hash: md5
      md5: a786fe9cad78d551144970e24fc7ae2d.dir
      size: 1715082130
      nfiles: 50002
